// !$*UTF8*$!
{
	archiveVersion = 1;
	classes = {
	};
	objectVersion = 60;
	objects = {

/* Begin PBXBuildFile section */
		A001 /* App.swift in Sources */ = {isa = PBXBuildFile; fileRef = F001 /* App.swift */; };
		A002 /* TritonKitDebugBootstrap.swift in Sources */ = {isa = PBXBuildFile; fileRef = F003 /* TritonKitDebugBootstrap.swift */; };
		CDB2CB082FE4067B00DC8804 /* TritonKit in Frameworks */ = {isa = PBXBuildFile; productRef = PD001 /* TritonKit */; };
/* End PBXBuildFile section */

/* Begin PBXFileReference section */
		F001 /* App.swift */ = {isa = PBXFileReference; lastKnownFileType = sourcecode.swift; path = App.swift; sourceTree = "<group>"; };
		F002 /* Info.plist */ = {isa = PBXFileReference; lastKnownFileType = text.plist.xml; path = Info.plist; sourceTree = "<group>"; };
		F003 /* TritonKitDebugBootstrap.swift */ = {isa = PBXFileReference; lastKnownFileType = sourcecode.swift; path = TritonKitDebugBootstrap.swift; sourceTree = "<group>"; };
		R001 /* TritonKitDemo.app */ = {isa = PBXFileReference; explicitFileType = wrapper.application; includeInIndex = 0; path = TritonKitDemo.app; sourceTree = BUILT_PRODUCTS_DIR; };
/* End PBXFileReference section */

/* Begin PBXFrameworksBuildPhase section */
		B001 /* Frameworks */ = {
			isa = PBXFrameworksBuildPhase;
			buildActionMask = 2147483647;
			files = (
				CDB2CB082FE4067B00DC8804 /* TritonKit in Frameworks */,
			);
			runOnlyForDeploymentPostprocessing = 0;
		};
/* End PBXFrameworksBuildPhase section */

/* Begin PBXGroup section */
		G001 = {
			isa = PBXGroup;
			children = (
				G002 /* TritonKitDemo */,
				R001 /* TritonKitDemo.app */,
			);
			sourceTree = "<group>";
		};
		G002 /* TritonKitDemo */ = {
			isa = PBXGroup;
			children = (
				F001 /* App.swift */,
				F003 /* TritonKitDebugBootstrap.swift */,
				F002 /* Info.plist */,
			);
			path = TritonKitDemo;
			sourceTree = "<group>";
		};
/* End PBXGroup section */

/* Begin PBXNativeTarget section */
		N001 /* TritonKitDemo */ = {
			isa = PBXNativeTarget;
			buildConfigurationList = C002 /* Build configuration list for PBXNativeTarget "TritonKitDemo" */;
			buildPhases = (
				B002 /* Sources */,
				B001 /* Frameworks */,
			);
			buildRules = (
			);
			dependencies = (
			);
			name = TritonKitDemo;
			packageProductDependencies = (
				PD001 /* TritonKit */,
			);
			productName = TritonKitDemo;
			productReference = R001 /* TritonKitDemo.app */;
			productType = "com.apple.product-type.application";
		};
/* End PBXNativeTarget section */

/* Begin PBXProject section */
		P001 /* Project object */ = {
			isa = PBXProject;
			attributes = {
				BuildIndependentTargetsInParallel = 1;
				LastSwiftUpdateCheck = 1530;
				LastUpgradeCheck = 1530;
			};
			buildConfigurationList = C001 /* Build configuration list for PBXProject "TritonKitDemo" */;
			compatibilityVersion = "Xcode 14.0";
			developmentRegion = en;
			hasScannedForEncodings = 0;
			knownRegions = (
				en,
				Base,
			);
			mainGroup = G001;
			packageReferences = (
				PR001 /* XCLocalSwiftPackageReference "../.." */,
			);
			productRefGroup = G001;
			projectDirPath = "";
			projectRoot = "";
			targets = (
				N001 /* TritonKitDemo */,
			);
		};
/* End PBXProject section */

/* Begin PBXSourcesBuildPhase section */
		B002 /* Sources */ = {
			isa = PBXSourcesBuildPhase;
			buildActionMask = 2147483647;
			files = (
				A001 /* App.swift in Sources */,
				A002 /* TritonKitDebugBootstrap.swift in Sources */,
			);
			runOnlyForDeploymentPostprocessing = 0;
		};
/* End PBXSourcesBuildPhase section */

/* Begin XCBuildConfiguration section */
		BC001 /* Debug */ = {
			isa = XCBuildConfiguration;
			buildSettings = {
				ALWAYS_SEARCH_USER_PATHS = NO;
				COPY_PHASE_STRIP = NO;
				DEBUG_INFORMATION_FORMAT = dwarf;
				ENABLE_STRICT_OBJC_MSGSEND = YES;
				GCC_OPTIMIZATION_LEVEL = 0;
				IPHONEOS_DEPLOYMENT_TARGET = 17.0;
				MTL_ENABLE_DEBUG_INFO = INCLUDE_SOURCE;
				ONLY_ACTIVE_ARCH = YES;
				SDKROOT = iphoneos;
				SWIFT_ACTIVE_COMPILATION_CONDITIONS = DEBUG;
				SWIFT_OPTIMIZATION_LEVEL = "-Onone";
			};
			name = Debug;
		};
		BC002 /* Release */ = {
			isa = XCBuildConfiguration;
			buildSettings = {
				ALWAYS_SEARCH_USER_PATHS = NO;
				COPY_PHASE_STRIP = NO;
				DEBUG_INFORMATION_FORMAT = "dwarf-with-dsym";
				ENABLE_NS_ASSERTIONS = NO;
				ENABLE_STRICT_OBJC_MSGSEND = YES;
				GCC_OPTIMIZATION_LEVEL = s;
				IPHONEOS_DEPLOYMENT_TARGET = 17.0;
				MTL_ENABLE_DEBUG_INFO = NO;
				SDKROOT = iphoneos;
				SWIFT_COMPILATION_MODE = wholemodule;
				SWIFT_OPTIMIZATION_LEVEL = "-O";
				VALIDATE_PRODUCT = YES;
			};
			name = Release;
		};
		TC001 /* Debug */ = {
			isa = XCBuildConfiguration;
			buildSettings = {
				CODE_SIGN_STYLE = Automatic;
				CURRENT_PROJECT_VERSION = 1;
				DEVELOPMENT_TEAM = 3L8RM3MDLS;
				ENABLE_PREVIEWS = YES;
				INFOPLIST_FILE = TritonKitDemo/Info.plist;
				IPHONEOS_DEPLOYMENT_TARGET = 17.0;
				LD_RUNPATH_SEARCH_PATHS = (
					"$(inherited)",
					"@executable_path/Frameworks",
				);
				MARKETING_VERSION = 1.0;
				PRODUCT_BUNDLE_IDENTIFIER = com.neptunekit.tritonkit.demo;
				PRODUCT_NAME = "$(TARGET_NAME)";
				SWIFT_VERSION = 5.0;
				TARGETED_DEVICE_FAMILY = "1,2";
			};
			name = Debug;
		};
		TC002 /* Release */ = {
			isa = XCBuildConfiguration;
			buildSettings = {
				CODE_SIGN_STYLE = Automatic;
				CURRENT_PROJECT_VERSION = 1;
				DEVELOPMENT_TEAM = 3L8RM3MDLS;
				ENABLE_PREVIEWS = YES;
				INFOPLIST_FILE = TritonKitDemo/Info.plist;
				IPHONEOS_DEPLOYMENT_TARGET = 17.0;
				LD_RUNPATH_SEARCH_PATHS = (
					"$(inherited)",
					"@executable_path/Frameworks",
				);
				MARKETING_VERSION = 1.0;
				PRODUCT_BUNDLE_IDENTIFIER = com.neptunekit.tritonkit.demo;
				PRODUCT_NAME = "$(TARGET_NAME)";
				SWIFT_VERSION = 5.0;
				TARGETED_DEVICE_FAMILY = "1,2";
			};
			name = Release;
		};
/* End XCBuildConfiguration section */

/* Begin XCConfigurationList section */
		C001 /* Build configuration list for PBXProject "TritonKitDemo" */ = {
			isa = XCConfigurationList;
			buildConfigurations = (
				BC001 /* Debug */,
				BC002 /* Release */,
			);
			defaultConfigurationIsVisible = 0;
			defaultConfigurationName = Release;
		};
		C002 /* Build configuration list for PBXNativeTarget "TritonKitDemo" */ = {
			isa = XCConfigurationList;
			buildConfigurations = (
				TC001 /* Debug */,
				TC002 /* Release */,
			);
			defaultConfigurationIsVisible = 0;
			defaultConfigurationName = Release;
		};
/* End XCConfigurationList section */

/* Begin XCLocalSwiftPackageReference section */
		PR001 /* XCLocalSwiftPackageReference "../.." */ = {
			isa = XCLocalSwiftPackageReference;
			relativePath = ../..;
		};
/* End XCLocalSwiftPackageReference section */

/* Begin XCSwiftPackageProductDependency section */
		PD001 /* TritonKit */ = {
			isa = XCSwiftPackageProductDependency;
			package = PR001 /* XCLocalSwiftPackageReference "../.." */;
			productName = TritonKit;
		};
/* End XCSwiftPackageProductDependency section */
	};
	rootObject = P001 /* Project object */;
}
